
Microsoft Visual Studio Solution File, Format Version 12.00
# Visual Studio Version 17
VisualStudioVersion = 17.9.34701.34
MinimumVisualStudioVersion = 10.0.40219.1
Project("{FAE04EC0-301F-11D3-BF4B-00C04F79EFBC}") = "Lab1 Question07", "Lab1 Question07\Lab1 Question07.csproj", "{5C2F872F-EF93-4D73-890C-89DC5839DDBE}"
EndProject
Global
	GlobalSection(SolutionConfigurationPlatforms) = preSolution
		Debug|Any CPU = Debug|Any CPU
		Release|Any CPU = Release|Any CPU
	EndGlobalSection
	GlobalSection(ProjectConfigurationPlatforms) = postSolution
		{5C2F872F-EF93-4D73-890C-89DC5839DDBE}.Debug|Any CPU.ActiveCfg = Debug|Any CPU
		{5C2F872F-EF93-4D73-890C-89DC5839DDBE}.Debug|Any CPU.Build.0 = Debug|Any CPU
		{5C2F872F-EF93-4D73-890C-89DC5839DDBE}.Release|Any CPU.ActiveCfg = Release|Any CPU
		{5C2F872F-EF93-4D73-890C-89DC5839DDBE}.Release|Any CPU.Build.0 = Release|Any CPU
	EndGlobalSection
	GlobalSection(SolutionProperties) = preSolution
		HideSolutionNode = FALSE
	EndGlobalSection
	GlobalSection(ExtensibilityGlobals) = postSolution
		SolutionGuid = {F91A9B18-4159-4EB5-9D30-48D79511609E}
	EndGlobalSection
EndGlobal
