
Microsoft Visual Studio Solution File, Format Version 12.00
# Visual Studio Version 17
VisualStudioVersion = 17.9.34701.34
MinimumVisualStudioVersion = 10.0.40219.1
Project("{FAE04EC0-301F-11D3-BF4B-00C04F79EFBC}") = "Lab1 Question04", "Lab1 Question04\Lab1 Question04.csproj", "{ABF581D1-B532-4743-B6F1-B1479491CAE0}"
EndProject
Global
	GlobalSection(SolutionConfigurationPlatforms) = preSolution
		Debug|Any CPU = Debug|Any CPU
		Release|Any CPU = Release|Any CPU
	EndGlobalSection
	GlobalSection(ProjectConfigurationPlatforms) = postSolution
		{ABF581D1-B532-4743-B6F1-B1479491CAE0}.Debug|Any CPU.ActiveCfg = Debug|Any CPU
		{ABF581D1-B532-4743-B6F1-B1479491CAE0}.Debug|Any CPU.Build.0 = Debug|Any CPU
		{ABF581D1-B532-4743-B6F1-B1479491CAE0}.Release|Any CPU.ActiveCfg = Release|Any CPU
		{ABF581D1-B532-4743-B6F1-B1479491CAE0}.Release|Any CPU.Build.0 = Release|Any CPU
	EndGlobalSection
	GlobalSection(SolutionProperties) = preSolution
		HideSolutionNode = FALSE
	EndGlobalSection
	GlobalSection(ExtensibilityGlobals) = postSolution
		SolutionGuid = {5729A2AE-F39E-4441-85E3-3D2D8850C9EC}
	EndGlobalSection
EndGlobal
